// !$*UTF8*$!
{
	archiveVersion = 1;
	classes = {
	};
	objectVersion = 46;
	objects = {

/* Begin PBXBuildFile section */
		E0369CE8193822F10082ADB7 /* ABXFeedbackViewController.m in Sources */ = {isa = PBXBuildFile; fileRef = E0369CE7193822F10082ADB7 /* ABXFeedbackViewController.m */; };
		E0369CEB1938233F0082ADB7 /* ABXKeychain.m in Sources */ = {isa = PBXBuildFile; fileRef = E0369CEA1938233F0082ADB7 /* ABXKeychain.m */; };
		E0369CEE193825210082ADB7 /* ABXTextView.m in Sources */ = {isa = PBXBuildFile; fileRef = E0369CED193825210082ADB7 /* ABXTextView.m */; };
		E0369CF41938324C0082ADB7 /* ABXNotificationView.m in Sources */ = {isa = PBXBuildFile; fileRef = E0369CF31938324C0082ADB7 /* ABXNotificationView.m */; };
		E0369CF9193869A90082ADB7 /* ABXPromptView.m in Sources */ = {isa = PBXBuildFile; fileRef = E0369CF8193869A90082ADB7 /* ABXPromptView.m */; };
		E039FD4C192C290E00BA0B76 /* Foundation.framework in Frameworks */ = {isa = PBXBuildFile; fileRef = E039FD4B192C290E00BA0B76 /* Foundation.framework */; };
		E039FD4E192C290E00BA0B76 /* CoreGraphics.framework in Frameworks */ = {isa = PBXBuildFile; fileRef = E039FD4D192C290E00BA0B76 /* CoreGraphics.framework */; };
		E039FD50192C290E00BA0B76 /* UIKit.framework in Frameworks */ = {isa = PBXBuildFile; fileRef = E039FD4F192C290E00BA0B76 /* UIKit.framework */; };
		E039FD56192C290E00BA0B76 /* InfoPlist.strings in Resources */ = {isa = PBXBuildFile; fileRef = E039FD54192C290E00BA0B76 /* InfoPlist.strings */; };
		E039FD58192C290E00BA0B76 /* main.m in Sources */ = {isa = PBXBuildFile; fileRef = E039FD57192C290E00BA0B76 /* main.m */; };
		E039FD5C192C290E00BA0B76 /* ABXAppDelegate.m in Sources */ = {isa = PBXBuildFile; fileRef = E039FD5B192C290E00BA0B76 /* ABXAppDelegate.m */; };
		E039FD5E192C290E00BA0B76 /* Images.xcassets in Resources */ = {isa = PBXBuildFile; fileRef = E039FD5D192C290E00BA0B76 /* Images.xcassets */; };
		E039FD65192C290E00BA0B76 /* XCTest.framework in Frameworks */ = {isa = PBXBuildFile; fileRef = E039FD64192C290E00BA0B76 /* XCTest.framework */; };
		E039FD66192C290E00BA0B76 /* Foundation.framework in Frameworks */ = {isa = PBXBuildFile; fileRef = E039FD4B192C290E00BA0B76 /* Foundation.framework */; };
		E039FD67192C290E00BA0B76 /* UIKit.framework in Frameworks */ = {isa = PBXBuildFile; fileRef = E039FD4F192C290E00BA0B76 /* UIKit.framework */; };
		E039FD84192C29E600BA0B76 /* ABXApiClient.m in Sources */ = {isa = PBXBuildFile; fileRef = E039FD80192C29E600BA0B76 /* ABXApiClient.m */; };
		E039FD87192C2E3100BA0B76 /* NSDictionary+ABXQueryString.m in Sources */ = {isa = PBXBuildFile; fileRef = E039FD86192C2E3100BA0B76 /* NSDictionary+ABXQueryString.m */; };
		E039FD8A192C2E6400BA0B76 /* NSString+ABXURLEncoding.m in Sources */ = {isa = PBXBuildFile; fileRef = E039FD89192C2E6400BA0B76 /* NSString+ABXURLEncoding.m */; };
		E039FD8D192C486000BA0B76 /* NSDictionary+ABXNSNullAsNull.m in Sources */ = {isa = PBXBuildFile; fileRef = E039FD8C192C486000BA0B76 /* NSDictionary+ABXNSNullAsNull.m */; };
		E039FD90192C4DF500BA0B76 /* ABXFaq.m in Sources */ = {isa = PBXBuildFile; fileRef = E039FD8F192C4DF500BA0B76 /* ABXFaq.m */; };
		E039FD93192C51FB00BA0B76 /* ABXViewController.m in Sources */ = {isa = PBXBuildFile; fileRef = E039FD92192C51FB00BA0B76 /* ABXViewController.m */; };
		E039FD95192C521B00BA0B76 /* Storyboard.storyboard in Resources */ = {isa = PBXBuildFile; fileRef = E039FD94192C521B00BA0B76 /* Storyboard.storyboard */; };
		E039FD98192C58BE00BA0B76 /* ABXNotification.m in Sources */ = {isa = PBXBuildFile; fileRef = E039FD97192C58BE00BA0B76 /* ABXNotification.m */; };
		E039FD9B192C5BFB00BA0B76 /* ABXVersion.m in Sources */ = {isa = PBXBuildFile; fileRef = E039FD9A192C5BFB00BA0B76 /* ABXVersion.m */; };
		E039FD9E192C843000BA0B76 /* ABXModel.m in Sources */ = {isa = PBXBuildFile; fileRef = E039FD9D192C843000BA0B76 /* ABXModel.m */; };
		E039FDA1192C8F7A00BA0B76 /* ABXIssue.m in Sources */ = {isa = PBXBuildFile; fileRef = E039FDA0192C8F7A00BA0B76 /* ABXIssue.m */; };
		E0B113D419481EB2000E873E /* ABXNavigationController.m in Sources */ = {isa = PBXBuildFile; fileRef = E0B113D319481EB2000E873E /* ABXNavigationController.m */; };
		E0B114881949293B000E873E /* NSString+ABXSizing.m in Sources */ = {isa = PBXBuildFile; fileRef = E0B114871949293B000E873E /* NSString+ABXSizing.m */; };
		E0C5377F192CC7BB00858D01 /* ABXFAQsViewController.m in Sources */ = {isa = PBXBuildFile; fileRef = E0C5377E192CC7BB00858D01 /* ABXFAQsViewController.m */; };
		E0C53782192CD74F00858D01 /* ABXFAQViewController.m in Sources */ = {isa = PBXBuildFile; fileRef = E0C53781192CD74F00858D01 /* ABXFAQViewController.m */; };
		E0C537C7192DCC7500858D01 /* ABXVersionsViewController.m in Sources */ = {isa = PBXBuildFile; fileRef = E0C537C6192DCC7500858D01 /* ABXVersionsViewController.m */; };
		E0C537CA192DCDCB00858D01 /* ABXBaseListViewController.m in Sources */ = {isa = PBXBuildFile; fileRef = E0C537C9192DCDCB00858D01 /* ABXBaseListViewController.m */; };
		E0C537CD192E228D00858D01 /* ABXVersionTableViewCell.m in Sources */ = {isa = PBXBuildFile; fileRef = E0C537CC192E228D00858D01 /* ABXVersionTableViewCell.m */; };
		E0D0E076194D0A8400756042 /* ABXFAQTableViewCell.m in Sources */ = {isa = PBXBuildFile; fileRef = E0D0E075194D0A8400756042 /* ABXFAQTableViewCell.m */; };
/* End PBXBuildFile section */

/* Begin PBXContainerItemProxy section */
		E039FD68192C290E00BA0B76 /* PBXContainerItemProxy */ = {
			isa = PBXContainerItemProxy;
			containerPortal = E039FD40192C290E00BA0B76 /* Project object */;
			proxyType = 1;
			remoteGlobalIDString = E039FD47192C290E00BA0B76;
			remoteInfo = "Sample Project";
		};
/* End PBXContainerItemProxy section */

/* Begin PBXFileReference section */
		E0369CE6193822F10082ADB7 /* ABXFeedbackViewController.h */ = {isa = PBXFileReference; fileEncoding = 4; lastKnownFileType = sourcecode.c.h; path = ABXFeedbackViewController.h; sourceTree = "<group>"; };
		E0369CE7193822F10082ADB7 /* ABXFeedbackViewController.m */ = {isa = PBXFileReference; fileEncoding = 4; lastKnownFileType = sourcecode.c.objc; path = ABXFeedbackViewController.m; sourceTree = "<group>"; };
		E0369CE91938233F0082ADB7 /* ABXKeychain.h */ = {isa = PBXFileReference; fileEncoding = 4; lastKnownFileType = sourcecode.c.h; path = ABXKeychain.h; sourceTree = "<group>"; };
		E0369CEA1938233F0082ADB7 /* ABXKeychain.m */ = {isa = PBXFileReference; fileEncoding = 4; lastKnownFileType = sourcecode.c.objc; path = ABXKeychain.m; sourceTree = "<group>"; };
		E0369CEC193825210082ADB7 /* ABXTextView.h */ = {isa = PBXFileReference; fileEncoding = 4; lastKnownFileType = sourcecode.c.h; path = ABXTextView.h; sourceTree = "<group>"; };
		E0369CED193825210082ADB7 /* ABXTextView.m */ = {isa = PBXFileReference; fileEncoding = 4; lastKnownFileType = sourcecode.c.objc; path = ABXTextView.m; sourceTree = "<group>"; };
		E0369CF21938324C0082ADB7 /* ABXNotificationView.h */ = {isa = PBXFileReference; fileEncoding = 4; lastKnownFileType = sourcecode.c.h; path = ABXNotificationView.h; sourceTree = "<group>"; };
		E0369CF31938324C0082ADB7 /* ABXNotificationView.m */ = {isa = PBXFileReference; fileEncoding = 4; lastKnownFileType = sourcecode.c.objc; path = ABXNotificationView.m; sourceTree = "<group>"; };
		E0369CF5193852BD0082ADB7 /* ABX.h */ = {isa = PBXFileReference; fileEncoding = 4; lastKnownFileType = sourcecode.c.h; path = ABX.h; sourceTree = "<group>"; };
		E0369CF7193869A90082ADB7 /* ABXPromptView.h */ = {isa = PBXFileReference; fileEncoding = 4; lastKnownFileType = sourcecode.c.h; path = ABXPromptView.h; sourceTree = "<group>"; };
		E0369CF8193869A90082ADB7 /* ABXPromptView.m */ = {isa = PBXFileReference; fileEncoding = 4; lastKnownFileType = sourcecode.c.objc; path = ABXPromptView.m; sourceTree = "<group>"; };
		E039FD48192C290E00BA0B76 /* Sample Project.app */ = {isa = PBXFileReference; explicitFileType = wrapper.application; includeInIndex = 0; path = "Sample Project.app"; sourceTree = BUILT_PRODUCTS_DIR; };
		E039FD4B192C290E00BA0B76 /* Foundation.framework */ = {isa = PBXFileReference; lastKnownFileType = wrapper.framework; name = Foundation.framework; path = System/Library/Frameworks/Foundation.framework; sourceTree = SDKROOT; };
		E039FD4D192C290E00BA0B76 /* CoreGraphics.framework */ = {isa = PBXFileReference; lastKnownFileType = wrapper.framework; name = CoreGraphics.framework; path = System/Library/Frameworks/CoreGraphics.framework; sourceTree = SDKROOT; };
		E039FD4F192C290E00BA0B76 /* UIKit.framework */ = {isa = PBXFileReference; lastKnownFileType = wrapper.framework; name = UIKit.framework; path = System/Library/Frameworks/UIKit.framework; sourceTree = SDKROOT; };
		E039FD53192C290E00BA0B76 /* Sample Project-Info.plist */ = {isa = PBXFileReference; lastKnownFileType = text.plist.xml; path = "Sample Project-Info.plist"; sourceTree = "<group>"; };
		E039FD55192C290E00BA0B76 /* en */ = {isa = PBXFileReference; lastKnownFileType = text.plist.strings; name = en; path = en.lproj/InfoPlist.strings; sourceTree = "<group>"; };
		E039FD57192C290E00BA0B76 /* main.m */ = {isa = PBXFileReference; lastKnownFileType = sourcecode.c.objc; path = main.m; sourceTree = "<group>"; };
		E039FD59192C290E00BA0B76 /* Sample Project-Prefix.pch */ = {isa = PBXFileReference; lastKnownFileType = sourcecode.c.h; path = "Sample Project-Prefix.pch"; sourceTree = "<group>"; };
		E039FD5A192C290E00BA0B76 /* ABXAppDelegate.h */ = {isa = PBXFileReference; lastKnownFileType = sourcecode.c.h; path = ABXAppDelegate.h; sourceTree = "<group>"; };
		E039FD5B192C290E00BA0B76 /* ABXAppDelegate.m */ = {isa = PBXFileReference; lastKnownFileType = sourcecode.c.objc; path = ABXAppDelegate.m; sourceTree = "<group>"; };
		E039FD5D192C290E00BA0B76 /* Images.xcassets */ = {isa = PBXFileReference; lastKnownFileType = folder.assetcatalog; path = Images.xcassets; sourceTree = "<group>"; };
		E039FD63192C290E00BA0B76 /* Sample ProjectTests.xctest */ = {isa = PBXFileReference; explicitFileType = wrapper.cfbundle; includeInIndex = 0; path = "Sample ProjectTests.xctest"; sourceTree = BUILT_PRODUCTS_DIR; };
		E039FD64192C290E00BA0B76 /* XCTest.framework */ = {isa = PBXFileReference; lastKnownFileType = wrapper.framework; name = XCTest.framework; path = Library/Frameworks/XCTest.framework; sourceTree = DEVELOPER_DIR; };
		E039FD7F192C29E600BA0B76 /* ABXApiClient.h */ = {isa = PBXFileReference; fileEncoding = 4; lastKnownFileType = sourcecode.c.h; path = ABXApiClient.h; sourceTree = "<group>"; };
		E039FD80192C29E600BA0B76 /* ABXApiClient.m */ = {isa = PBXFileReference; fileEncoding = 4; lastKnownFileType = sourcecode.c.objc; path = ABXApiClient.m; sourceTree = "<group>"; };
		E039FD85192C2E3100BA0B76 /* NSDictionary+ABXQueryString.h */ = {isa = PBXFileReference; fileEncoding = 4; lastKnownFileType = sourcecode.c.h; path = "NSDictionary+ABXQueryString.h"; sourceTree = "<group>"; };
		E039FD86192C2E3100BA0B76 /* NSDictionary+ABXQueryString.m */ = {isa = PBXFileReference; fileEncoding = 4; lastKnownFileType = sourcecode.c.objc; path = "NSDictionary+ABXQueryString.m"; sourceTree = "<group>"; };
		E039FD88192C2E6400BA0B76 /* NSString+ABXURLEncoding.h */ = {isa = PBXFileReference; fileEncoding = 4; lastKnownFileType = sourcecode.c.h; path = "NSString+ABXURLEncoding.h"; sourceTree = "<group>"; };
		E039FD89192C2E6400BA0B76 /* NSString+ABXURLEncoding.m */ = {isa = PBXFileReference; fileEncoding = 4; lastKnownFileType = sourcecode.c.objc; path = "NSString+ABXURLEncoding.m"; sourceTree = "<group>"; };
		E039FD8B192C486000BA0B76 /* NSDictionary+ABXNSNullAsNull.h */ = {isa = PBXFileReference; fileEncoding = 4; lastKnownFileType = sourcecode.c.h; path = "NSDictionary+ABXNSNullAsNull.h"; sourceTree = "<group>"; };
		E039FD8C192C486000BA0B76 /* NSDictionary+ABXNSNullAsNull.m */ = {isa = PBXFileReference; fileEncoding = 4; lastKnownFileType = sourcecode.c.objc; path = "NSDictionary+ABXNSNullAsNull.m"; sourceTree = "<group>"; };
		E039FD8E192C4DF500BA0B76 /* ABXFaq.h */ = {isa = PBXFileReference; fileEncoding = 4; lastKnownFileType = sourcecode.c.h; path = ABXFaq.h; sourceTree = "<group>"; };
		E039FD8F192C4DF500BA0B76 /* ABXFaq.m */ = {isa = PBXFileReference; fileEncoding = 4; lastKnownFileType = sourcecode.c.objc; path = ABXFaq.m; sourceTree = "<group>"; };
		E039FD91192C51FB00BA0B76 /* ABXViewController.h */ = {isa = PBXFileReference; fileEncoding = 4; lastKnownFileType = sourcecode.c.h; path = ABXViewController.h; sourceTree = "<group>"; };
		E039FD92192C51FB00BA0B76 /* ABXViewController.m */ = {isa = PBXFileReference; fileEncoding = 4; lastKnownFileType = sourcecode.c.objc; path = ABXViewController.m; sourceTree = "<group>"; };
		E039FD94192C521B00BA0B76 /* Storyboard.storyboard */ = {isa = PBXFileReference; fileEncoding = 4; lastKnownFileType = file.storyboard; path = Storyboard.storyboard; sourceTree = "<group>"; };
		E039FD96192C58BE00BA0B76 /* ABXNotification.h */ = {isa = PBXFileReference; fileEncoding = 4; lastKnownFileType = sourcecode.c.h; path = ABXNotification.h; sourceTree = "<group>"; };
		E039FD97192C58BE00BA0B76 /* ABXNotification.m */ = {isa = PBXFileReference; fileEncoding = 4; lastKnownFileType = sourcecode.c.objc; path = ABXNotification.m; sourceTree = "<group>"; };
		E039FD99192C5BFB00BA0B76 /* ABXVersion.h */ = {isa = PBXFileReference; fileEncoding = 4; lastKnownFileType = sourcecode.c.h; path = ABXVersion.h; sourceTree = "<group>"; };
		E039FD9A192C5BFB00BA0B76 /* ABXVersion.m */ = {isa = PBXFileReference; fileEncoding = 4; lastKnownFileType = sourcecode.c.objc; path = ABXVersion.m; sourceTree = "<group>"; };
		E039FD9C192C843000BA0B76 /* ABXModel.h */ = {isa = PBXFileReference; fileEncoding = 4; lastKnownFileType = sourcecode.c.h; path = ABXModel.h; sourceTree = "<group>"; };
		E039FD9D192C843000BA0B76 /* ABXModel.m */ = {isa = PBXFileReference; fileEncoding = 4; lastKnownFileType = sourcecode.c.objc; path = ABXModel.m; sourceTree = "<group>"; };
		E039FD9F192C8F7A00BA0B76 /* ABXIssue.h */ = {isa = PBXFileReference; fileEncoding = 4; lastKnownFileType = sourcecode.c.h; path = ABXIssue.h; sourceTree = "<group>"; };
		E039FDA0192C8F7A00BA0B76 /* ABXIssue.m */ = {isa = PBXFileReference; fileEncoding = 4; lastKnownFileType = sourcecode.c.objc; path = ABXIssue.m; sourceTree = "<group>"; };
		E0B113D219481EB2000E873E /* ABXNavigationController.h */ = {isa = PBXFileReference; fileEncoding = 4; lastKnownFileType = sourcecode.c.h; path = ABXNavigationController.h; sourceTree = "<group>"; };
		E0B113D319481EB2000E873E /* ABXNavigationController.m */ = {isa = PBXFileReference; fileEncoding = 4; lastKnownFileType = sourcecode.c.objc; path = ABXNavigationController.m; sourceTree = "<group>"; };
		E0B114861949293B000E873E /* NSString+ABXSizing.h */ = {isa = PBXFileReference; fileEncoding = 4; lastKnownFileType = sourcecode.c.h; path = "NSString+ABXSizing.h"; sourceTree = "<group>"; };
		E0B114871949293B000E873E /* NSString+ABXSizing.m */ = {isa = PBXFileReference; fileEncoding = 4; lastKnownFileType = sourcecode.c.objc; path = "NSString+ABXSizing.m"; sourceTree = "<group>"; };
		E0C5377D192CC7BB00858D01 /* ABXFAQsViewController.h */ = {isa = PBXFileReference; fileEncoding = 4; lastKnownFileType = sourcecode.c.h; path = ABXFAQsViewController.h; sourceTree = "<group>"; };
		E0C5377E192CC7BB00858D01 /* ABXFAQsViewController.m */ = {isa = PBXFileReference; fileEncoding = 4; lastKnownFileType = sourcecode.c.objc; path = ABXFAQsViewController.m; sourceTree = "<group>"; };
		E0C53780192CD74F00858D01 /* ABXFAQViewController.h */ = {isa = PBXFileReference; fileEncoding = 4; lastKnownFileType = sourcecode.c.h; path = ABXFAQViewController.h; sourceTree = "<group>"; };
		E0C53781192CD74F00858D01 /* ABXFAQViewController.m */ = {isa = PBXFileReference; fileEncoding = 4; lastKnownFileType = sourcecode.c.objc; path = ABXFAQViewController.m; sourceTree = "<group>"; };
		E0C537C5192DCC7500858D01 /* ABXVersionsViewController.h */ = {isa = PBXFileReference; fileEncoding = 4; lastKnownFileType = sourcecode.c.h; path = ABXVersionsViewController.h; sourceTree = "<group>"; };
		E0C537C6192DCC7500858D01 /* ABXVersionsViewController.m */ = {isa = PBXFileReference; fileEncoding = 4; lastKnownFileType = sourcecode.c.objc; path = ABXVersionsViewController.m; sourceTree = "<group>"; };
		E0C537C8192DCDCB00858D01 /* ABXBaseListViewController.h */ = {isa = PBXFileReference; fileEncoding = 4; lastKnownFileType = sourcecode.c.h; path = ABXBaseListViewController.h; sourceTree = "<group>"; };
		E0C537C9192DCDCB00858D01 /* ABXBaseListViewController.m */ = {isa = PBXFileReference; fileEncoding = 4; lastKnownFileType = sourcecode.c.objc; path = ABXBaseListViewController.m; sourceTree = "<group>"; };
		E0C537CB192E228D00858D01 /* ABXVersionTableViewCell.h */ = {isa = PBXFileReference; fileEncoding = 4; lastKnownFileType = sourcecode.c.h; path = ABXVersionTableViewCell.h; sourceTree = "<group>"; };
		E0C537CC192E228D00858D01 /* ABXVersionTableViewCell.m */ = {isa = PBXFileReference; fileEncoding = 4; lastKnownFileType = sourcecode.c.objc; path = ABXVersionTableViewCell.m; sourceTree = "<group>"; };
		E0D0E074194D0A8400756042 /* ABXFAQTableViewCell.h */ = {isa = PBXFileReference; fileEncoding = 4; lastKnownFileType = sourcecode.c.h; path = ABXFAQTableViewCell.h; sourceTree = "<group>"; };
		E0D0E075194D0A8400756042 /* ABXFAQTableViewCell.m */ = {isa = PBXFileReference; fileEncoding = 4; lastKnownFileType = sourcecode.c.objc; path = ABXFAQTableViewCell.m; sourceTree = "<group>"; };
/* End PBXFileReference section */

/* Begin PBXFrameworksBuildPhase section */
		E039FD45192C290E00BA0B76 /* Frameworks */ = {
			isa = PBXFrameworksBuildPhase;
			buildActionMask = 2147483647;
			files = (
				E039FD4E192C290E00BA0B76 /* CoreGraphics.framework in Frameworks */,
				E039FD50192C290E00BA0B76 /* UIKit.framework in Frameworks */,
				E039FD4C192C290E00BA0B76 /* Foundation.framework in Frameworks */,
			);
			runOnlyForDeploymentPostprocessing = 0;
		};
		E039FD60192C290E00BA0B76 /* Frameworks */ = {
			isa = PBXFrameworksBuildPhase;
			buildActionMask = 2147483647;
			files = (
				E039FD65192C290E00BA0B76 /* XCTest.framework in Frameworks */,
				E039FD67192C290E00BA0B76 /* UIKit.framework in Frameworks */,
				E039FD66192C290E00BA0B76 /* Foundation.framework in Frameworks */,
			);
			runOnlyForDeploymentPostprocessing = 0;
		};
/* End PBXFrameworksBuildPhase section */

/* Begin PBXGroup section */
		E039FD3F192C290E00BA0B76 = {
			isa = PBXGroup;
			children = (
				E039FD7A192C292C00BA0B76 /* AppbotX */,
				E039FD51192C290E00BA0B76 /* Sample Project */,
				E039FD4A192C290E00BA0B76 /* Frameworks */,
				E039FD49192C290E00BA0B76 /* Products */,
			);
			sourceTree = "<group>";
		};
		E039FD49192C290E00BA0B76 /* Products */ = {
			isa = PBXGroup;
			children = (
				E039FD48192C290E00BA0B76 /* Sample Project.app */,
				E039FD63192C290E00BA0B76 /* Sample ProjectTests.xctest */,
			);
			name = Products;
			sourceTree = "<group>";
		};
		E039FD4A192C290E00BA0B76 /* Frameworks */ = {
			isa = PBXGroup;
			children = (
				E039FD4B192C290E00BA0B76 /* Foundation.framework */,
				E039FD4D192C290E00BA0B76 /* CoreGraphics.framework */,
				E039FD4F192C290E00BA0B76 /* UIKit.framework */,
				E039FD64192C290E00BA0B76 /* XCTest.framework */,
			);
			name = Frameworks;
			sourceTree = "<group>";
		};
		E039FD51192C290E00BA0B76 /* Sample Project */ = {
			isa = PBXGroup;
			children = (
				E039FD5A192C290E00BA0B76 /* ABXAppDelegate.h */,
				E039FD5B192C290E00BA0B76 /* ABXAppDelegate.m */,
				E039FD5D192C290E00BA0B76 /* Images.xcassets */,
				E039FD52192C290E00BA0B76 /* Supporting Files */,
				E039FD91192C51FB00BA0B76 /* ABXViewController.h */,
				E039FD92192C51FB00BA0B76 /* ABXViewController.m */,
				E039FD94192C521B00BA0B76 /* Storyboard.storyboard */,
			);
			path = "Sample Project";
			sourceTree = "<group>";
		};
		E039FD52192C290E00BA0B76 /* Supporting Files */ = {
			isa = PBXGroup;
			children = (
				E039FD53192C290E00BA0B76 /* Sample Project-Info.plist */,
				E039FD54192C290E00BA0B76 /* InfoPlist.strings */,
				E039FD57192C290E00BA0B76 /* main.m */,
				E039FD59192C290E00BA0B76 /* Sample Project-Prefix.pch */,
			);
			name = "Supporting Files";
			sourceTree = "<group>";
		};
		E039FD7A192C292C00BA0B76 /* AppbotX */ = {
			isa = PBXGroup;
			children = (
				E039FD7E192C29E600BA0B76 /* Classes */,
				E039FD81192C29E600BA0B76 /* Controllers */,
				E039FD82192C29E600BA0B76 /* Models */,
				E039FD83192C29E600BA0B76 /* Views */,
				E0369CF5193852BD0082ADB7 /* ABX.h */,
			);
			name = AppbotX;
			path = ../Classes;
			sourceTree = "<group>";
		};
		E039FD7E192C29E600BA0B76 /* Classes */ = {
			isa = PBXGroup;
			children = (
				E039FD7F192C29E600BA0B76 /* ABXApiClient.h */,
				E039FD80192C29E600BA0B76 /* ABXApiClient.m */,
				E039FD85192C2E3100BA0B76 /* NSDictionary+ABXQueryString.h */,
				E039FD86192C2E3100BA0B76 /* NSDictionary+ABXQueryString.m */,
				E039FD88192C2E6400BA0B76 /* NSString+ABXURLEncoding.h */,
				E039FD89192C2E6400BA0B76 /* NSString+ABXURLEncoding.m */,
				E039FD8B192C486000BA0B76 /* NSDictionary+ABXNSNullAsNull.h */,
				E039FD8C192C486000BA0B76 /* NSDictionary+ABXNSNullAsNull.m */,
				E0369CE91938233F0082ADB7 /* ABXKeychain.h */,
				E0369CEA1938233F0082ADB7 /* ABXKeychain.m */,
				E0B114861949293B000E873E /* NSString+ABXSizing.h */,
				E0B114871949293B000E873E /* NSString+ABXSizing.m */,
			);
			path = Classes;
			sourceTree = "<group>";
		};
		E039FD81192C29E600BA0B76 /* Controllers */ = {
			isa = PBXGroup;
			children = (
				E0C537C8192DCDCB00858D01 /* ABXBaseListViewController.h */,
				E0C537C9192DCDCB00858D01 /* ABXBaseListViewController.m */,
				E0C5377D192CC7BB00858D01 /* ABXFAQsViewController.h */,
				E0C5377E192CC7BB00858D01 /* ABXFAQsViewController.m */,
				E0C53780192CD74F00858D01 /* ABXFAQViewController.h */,
				E0C53781192CD74F00858D01 /* ABXFAQViewController.m */,
				E0C537C5192DCC7500858D01 /* ABXVersionsViewController.h */,
				E0C537C6192DCC7500858D01 /* ABXVersionsViewController.m */,
				E0369CE6193822F10082ADB7 /* ABXFeedbackViewController.h */,
				E0369CE7193822F10082ADB7 /* ABXFeedbackViewController.m */,
				E0B113D219481EB2000E873E /* ABXNavigationController.h */,
				E0B113D319481EB2000E873E /* ABXNavigationController.m */,
			);
			path = Controllers;
			sourceTree = "<group>";
		};
		E039FD82192C29E600BA0B76 /* Models */ = {
			isa = PBXGroup;
			children = (
				E039FD9C192C843000BA0B76 /* ABXModel.h */,
				E039FD9D192C843000BA0B76 /* ABXModel.m */,
				E039FD8E192C4DF500BA0B76 /* ABXFaq.h */,
				E039FD8F192C4DF500BA0B76 /* ABXFaq.m */,
				E039FD96192C58BE00BA0B76 /* ABXNotification.h */,
				E039FD97192C58BE00BA0B76 /* ABXNotification.m */,
				E039FD99192C5BFB00BA0B76 /* ABXVersion.h */,
				E039FD9A192C5BFB00BA0B76 /* ABXVersion.m */,
				E039FD9F192C8F7A00BA0B76 /* ABXIssue.h */,
				E039FDA0192C8F7A00BA0B76 /* ABXIssue.m */,
			);
			path = Models;
			sourceTree = "<group>";
		};
		E039FD83192C29E600BA0B76 /* Views */ = {
			isa = PBXGroup;
			children = (
				E0C537CB192E228D00858D01 /* ABXVersionTableViewCell.h */,
				E0C537CC192E228D00858D01 /* ABXVersionTableViewCell.m */,
				E0369CEC193825210082ADB7 /* ABXTextView.h */,
				E0369CED193825210082ADB7 /* ABXTextView.m */,
				E0369CF21938324C0082ADB7 /* ABXNotificationView.h */,
				E0369CF31938324C0082ADB7 /* ABXNotificationView.m */,
				E0369CF7193869A90082ADB7 /* ABXPromptView.h */,
				E0369CF8193869A90082ADB7 /* ABXPromptView.m */,
				E0D0E074194D0A8400756042 /* ABXFAQTableViewCell.h */,
				E0D0E075194D0A8400756042 /* ABXFAQTableViewCell.m */,
			);
			path = Views;
			sourceTree = "<group>";
		};
/* End PBXGroup section */

/* Begin PBXNativeTarget section */
		E039FD47192C290E00BA0B76 /* Sample Project */ = {
			isa = PBXNativeTarget;
			buildConfigurationList = E039FD74192C290E00BA0B76 /* Build configuration list for PBXNativeTarget "Sample Project" */;
			buildPhases = (
				E039FD44192C290E00BA0B76 /* Sources */,
				E039FD45192C290E00BA0B76 /* Frameworks */,
				E039FD46192C290E00BA0B76 /* Resources */,
			);
			buildRules = (
			);
			dependencies = (
			);
			name = "Sample Project";
			productName = "Sample Project";
			productReference = E039FD48192C290E00BA0B76 /* Sample Project.app */;
			productType = "com.apple.product-type.application";
		};
		E039FD62192C290E00BA0B76 /* Sample ProjectTests */ = {
			isa = PBXNativeTarget;
			buildConfigurationList = E039FD77192C290E00BA0B76 /* Build configuration list for PBXNativeTarget "Sample ProjectTests" */;
			buildPhases = (
				E039FD5F192C290E00BA0B76 /* Sources */,
				E039FD60192C290E00BA0B76 /* Frameworks */,
				E039FD61192C290E00BA0B76 /* Resources */,
			);
			buildRules = (
			);
			dependencies = (
				E039FD69192C290E00BA0B76 /* PBXTargetDependency */,
			);
			name = "Sample ProjectTests";
			productName = "Sample ProjectTests";
			productReference = E039FD63192C290E00BA0B76 /* Sample ProjectTests.xctest */;
			productType = "com.apple.product-type.bundle.unit-test";
		};
/* End PBXNativeTarget section */

/* Begin PBXProject section */
		E039FD40192C290E00BA0B76 /* Project object */ = {
			isa = PBXProject;
			attributes = {
				CLASSPREFIX = ABX;
				LastUpgradeCheck = 0510;
				ORGANIZATIONNAME = Appbot;
				TargetAttributes = {
					E039FD62192C290E00BA0B76 = {
						TestTargetID = E039FD47192C290E00BA0B76;
					};
				};
			};
			buildConfigurationList = E039FD43192C290E00BA0B76 /* Build configuration list for PBXProject "Sample Project" */;
			compatibilityVersion = "Xcode 3.2";
			developmentRegion = English;
			hasScannedForEncodings = 0;
			knownRegions = (
				en,
			);
			mainGroup = E039FD3F192C290E00BA0B76;
			productRefGroup = E039FD49192C290E00BA0B76 /* Products */;
			projectDirPath = "";
			projectRoot = "";
			targets = (
				E039FD47192C290E00BA0B76 /* Sample Project */,
				E039FD62192C290E00BA0B76 /* Sample ProjectTests */,
			);
		};
/* End PBXProject section */

/* Begin PBXResourcesBuildPhase section */
		E039FD46192C290E00BA0B76 /* Resources */ = {
			isa = PBXResourcesBuildPhase;
			buildActionMask = 2147483647;
			files = (
				E039FD56192C290E00BA0B76 /* InfoPlist.strings in Resources */,
				E039FD5E192C290E00BA0B76 /* Images.xcassets in Resources */,
				E039FD95192C521B00BA0B76 /* Storyboard.storyboard in Resources */,
			);
			runOnlyForDeploymentPostprocessing = 0;
		};
		E039FD61192C290E00BA0B76 /* Resources */ = {
			isa = PBXResourcesBuildPhase;
			buildActionMask = 2147483647;
			files = (
			);
			runOnlyForDeploymentPostprocessing = 0;
		};
/* End PBXResourcesBuildPhase section */

/* Begin PBXSourcesBuildPhase section */
		E039FD44192C290E00BA0B76 /* Sources */ = {
			isa = PBXSourcesBuildPhase;
			buildActionMask = 2147483647;
			files = (
				E039FD93192C51FB00BA0B76 /* ABXViewController.m in Sources */,
				E0369CE8193822F10082ADB7 /* ABXFeedbackViewController.m in Sources */,
				E039FD8A192C2E6400BA0B76 /* NSString+ABXURLEncoding.m in Sources */,
				E0B114881949293B000E873E /* NSString+ABXSizing.m in Sources */,
				E039FD98192C58BE00BA0B76 /* ABXNotification.m in Sources */,
				E039FD84192C29E600BA0B76 /* ABXApiClient.m in Sources */,
				E0C537CD192E228D00858D01 /* ABXVersionTableViewCell.m in Sources */,
				E039FD5C192C290E00BA0B76 /* ABXAppDelegate.m in Sources */,
				E0369CEE193825210082ADB7 /* ABXTextView.m in Sources */,
				E039FDA1192C8F7A00BA0B76 /* ABXIssue.m in Sources */,
				E039FD90192C4DF500BA0B76 /* ABXFaq.m in Sources */,
				E0C537CA192DCDCB00858D01 /* ABXBaseListViewController.m in Sources */,
				E039FD9B192C5BFB00BA0B76 /* ABXVersion.m in Sources */,
				E0C537C7192DCC7500858D01 /* ABXVersionsViewController.m in Sources */,
				E039FD9E192C843000BA0B76 /* ABXModel.m in Sources */,
				E0369CEB1938233F0082ADB7 /* ABXKeychain.m in Sources */,
				E039FD8D192C486000BA0B76 /* NSDictionary+ABXNSNullAsNull.m in Sources */,
				E039FD87192C2E3100BA0B76 /* NSDictionary+ABXQueryString.m in Sources */,
				E0B113D419481EB2000E873E /* ABXNavigationController.m in Sources */,
				E0C53782192CD74F00858D01 /* ABXFAQViewController.m in Sources */,
				E0D0E076194D0A8400756042 /* ABXFAQTableViewCell.m in Sources */,
				E0369CF9193869A90082ADB7 /* ABXPromptView.m in Sources */,
				E0369CF41938324C0082ADB7 /* ABXNotificationView.m in Sources */,
				E039FD58192C290E00BA0B76 /* main.m in Sources */,
				E0C5377F192CC7BB00858D01 /* ABXFAQsViewController.m in Sources */,
			);
			runOnlyForDeploymentPostprocessing = 0;
		};
		E039FD5F192C290E00BA0B76 /* Sources */ = {
			isa = PBXSourcesBuildPhase;
			buildActionMask = 2147483647;
			files = (
			);
			runOnlyForDeploymentPostprocessing = 0;
		};
/* End PBXSourcesBuildPhase section */

/* Begin PBXTargetDependency section */
		E039FD69192C290E00BA0B76 /* PBXTargetDependency */ = {
			isa = PBXTargetDependency;
			target = E039FD47192C290E00BA0B76 /* Sample Project */;
			targetProxy = E039FD68192C290E00BA0B76 /* PBXContainerItemProxy */;
		};
/* End PBXTargetDependency section */

/* Begin PBXVariantGroup section */
		E039FD54192C290E00BA0B76 /* InfoPlist.strings */ = {
			isa = PBXVariantGroup;
			children = (
				E039FD55192C290E00BA0B76 /* en */,
			);
			name = InfoPlist.strings;
			sourceTree = "<group>";
		};
/* End PBXVariantGroup section */

/* Begin XCBuildConfiguration section */
		E039FD72192C290E00BA0B76 /* Debug */ = {
			isa = XCBuildConfiguration;
			buildSettings = {
				ALWAYS_SEARCH_USER_PATHS = NO;
				CLANG_CXX_LANGUAGE_STANDARD = "gnu++0x";
				CLANG_CXX_LIBRARY = "libc++";
				CLANG_ENABLE_MODULES = YES;
				CLANG_ENABLE_OBJC_ARC = YES;
				CLANG_WARN_BOOL_CONVERSION = YES;
				CLANG_WARN_CONSTANT_CONVERSION = YES;
				CLANG_WARN_DIRECT_OBJC_ISA_USAGE = YES_ERROR;
				CLANG_WARN_EMPTY_BODY = YES;
				CLANG_WARN_ENUM_CONVERSION = YES;
				CLANG_WARN_INT_CONVERSION = YES;
				CLANG_WARN_OBJC_ROOT_CLASS = YES_ERROR;
				CLANG_WARN__DUPLICATE_METHOD_MATCH = YES;
				"CODE_SIGN_IDENTITY[sdk=iphoneos*]" = "iPhone Developer";
				COPY_PHASE_STRIP = NO;
				GCC_C_LANGUAGE_STANDARD = gnu99;
				GCC_DYNAMIC_NO_PIC = NO;
				GCC_OPTIMIZATION_LEVEL = 0;
				GCC_PREPROCESSOR_DEFINITIONS = (
					"DEBUG=1",
					"$(inherited)",
				);
				GCC_SYMBOLS_PRIVATE_EXTERN = NO;
				GCC_WARN_64_TO_32_BIT_CONVERSION = YES;
				GCC_WARN_ABOUT_RETURN_TYPE = YES_ERROR;
				GCC_WARN_UNDECLARED_SELECTOR = YES;
				GCC_WARN_UNINITIALIZED_AUTOS = YES_AGGRESSIVE;
				GCC_WARN_UNUSED_FUNCTION = YES;
				GCC_WARN_UNUSED_VARIABLE = YES;
				IPHONEOS_DEPLOYMENT_TARGET = 7.1;
				ONLY_ACTIVE_ARCH = YES;
				SDKROOT = iphoneos;
				TARGETED_DEVICE_FAMILY = "1,2";
			};
			name = Debug;
		};
		E039FD73192C290E00BA0B76 /* Release */ = {
			isa = XCBuildConfiguration;
			buildSettings = {
				ALWAYS_SEARCH_USER_PATHS = NO;
				CLANG_CXX_LANGUAGE_STANDARD = "gnu++0x";
				CLANG_CXX_LIBRARY = "libc++";
				CLANG_ENABLE_MODULES = YES;
				CLANG_ENABLE_OBJC_ARC = YES;
				CLANG_WARN_BOOL_CONVERSION = YES;
				CLANG_WARN_CONSTANT_CONVERSION = YES;
				CLANG_WARN_DIRECT_OBJC_ISA_USAGE = YES_ERROR;
				CLANG_WARN_EMPTY_BODY = YES;
				CLANG_WARN_ENUM_CONVERSION = YES;
				CLANG_WARN_INT_CONVERSION = YES;
				CLANG_WARN_OBJC_ROOT_CLASS = YES_ERROR;
				CLANG_WARN__DUPLICATE_METHOD_MATCH = YES;
				"CODE_SIGN_IDENTITY[sdk=iphoneos*]" = "iPhone Developer";
				COPY_PHASE_STRIP = YES;
				ENABLE_NS_ASSERTIONS = NO;
				GCC_C_LANGUAGE_STANDARD = gnu99;
				GCC_WARN_64_TO_32_BIT_CONVERSION = YES;
				GCC_WARN_ABOUT_RETURN_TYPE = YES_ERROR;
				GCC_WARN_UNDECLARED_SELECTOR = YES;
				GCC_WARN_UNINITIALIZED_AUTOS = YES_AGGRESSIVE;
				GCC_WARN_UNUSED_FUNCTION = YES;
				GCC_WARN_UNUSED_VARIABLE = YES;
				IPHONEOS_DEPLOYMENT_TARGET = 7.1;
				SDKROOT = iphoneos;
				TARGETED_DEVICE_FAMILY = "1,2";
				VALIDATE_PRODUCT = YES;
			};
			name = Release;
		};
		E039FD75192C290E00BA0B76 /* Debug */ = {
			isa = XCBuildConfiguration;
			buildSettings = {
				ASSETCATALOG_COMPILER_APPICON_NAME = AppIcon;
				ASSETCATALOG_COMPILER_LAUNCHIMAGE_NAME = LaunchImage;
				GCC_PRECOMPILE_PREFIX_HEADER = YES;
				GCC_PREFIX_HEADER = "Sample Project/Sample Project-Prefix.pch";
				INFOPLIST_FILE = "Sample Project/Sample Project-Info.plist";
				IPHONEOS_DEPLOYMENT_TARGET = 6.0;
				PRODUCT_NAME = "$(TARGET_NAME)";
				WRAPPER_EXTENSION = app;
			};
			name = Debug;
		};
		E039FD76192C290E00BA0B76 /* Release */ = {
			isa = XCBuildConfiguration;
			buildSettings = {
				ASSETCATALOG_COMPILER_APPICON_NAME = AppIcon;
				ASSETCATALOG_COMPILER_LAUNCHIMAGE_NAME = LaunchImage;
				GCC_PRECOMPILE_PREFIX_HEADER = YES;
				GCC_PREFIX_HEADER = "Sample Project/Sample Project-Prefix.pch";
				INFOPLIST_FILE = "Sample Project/Sample Project-Info.plist";
				IPHONEOS_DEPLOYMENT_TARGET = 6.0;
				PRODUCT_NAME = "$(TARGET_NAME)";
				WRAPPER_EXTENSION = app;
			};
			name = Release;
		};
		E039FD78192C290E00BA0B76 /* Debug */ = {
			isa = XCBuildConfiguration;
			buildSettings = {
				BUNDLE_LOADER = "$(BUILT_PRODUCTS_DIR)/Sample Project.app/Sample Project";
				FRAMEWORK_SEARCH_PATHS = (
					"$(SDKROOT)/Developer/Library/Frameworks",
					"$(inherited)",
					"$(DEVELOPER_FRAMEWORKS_DIR)",
				);
				GCC_PRECOMPILE_PREFIX_HEADER = YES;
				GCC_PREFIX_HEADER = "Sample Project/Sample Project-Prefix.pch";
				GCC_PREPROCESSOR_DEFINITIONS = (
					"DEBUG=1",
					"$(inherited)",
				);
				INFOPLIST_FILE = "Sample ProjectTests/Sample ProjectTests-Info.plist";
				PRODUCT_NAME = "$(TARGET_NAME)";
				TEST_HOST = "$(BUNDLE_LOADER)";
				WRAPPER_EXTENSION = xctest;
			};
			name = Debug;
		};
		E039FD79192C290E00BA0B76 /* Release */ = {
			isa = XCBuildConfiguration;
			buildSettings = {
				BUNDLE_LOADER = "$(BUILT_PRODUCTS_DIR)/Sample Project.app/Sample Project";
				FRAMEWORK_SEARCH_PATHS = (
					"$(SDKROOT)/Developer/Library/Frameworks",
					"$(inherited)",
					"$(DEVELOPER_FRAMEWORKS_DIR)",
				);
				GCC_PRECOMPILE_PREFIX_HEADER = YES;
				GCC_PREFIX_HEADER = "Sample Project/Sample Project-Prefix.pch";
				INFOPLIST_FILE = "Sample ProjectTests/Sample ProjectTests-Info.plist";
				PRODUCT_NAME = "$(TARGET_NAME)";
				TEST_HOST = "$(BUNDLE_LOADER)";
				WRAPPER_EXTENSION = xctest;
			};
			name = Release;
		};
/* End XCBuildConfiguration section */

/* Begin XCConfigurationList section */
		E039FD43192C290E00BA0B76 /* Build configuration list for PBXProject "Sample Project" */ = {
			isa = XCConfigurationList;
			buildConfigurations = (
				E039FD72192C290E00BA0B76 /* Debug */,
				E039FD73192C290E00BA0B76 /* Release */,
			);
			defaultConfigurationIsVisible = 0;
			defaultConfigurationName = Release;
		};
		E039FD74192C290E00BA0B76 /* Build configuration list for PBXNativeTarget "Sample Project" */ = {
			isa = XCConfigurationList;
			buildConfigurations = (
				E039FD75192C290E00BA0B76 /* Debug */,
				E039FD76192C290E00BA0B76 /* Release */,
			);
			defaultConfigurationIsVisible = 0;
			defaultConfigurationName = Release;
		};
		E039FD77192C290E00BA0B76 /* Build configuration list for PBXNativeTarget "Sample ProjectTests" */ = {
			isa = XCConfigurationList;
			buildConfigurations = (
				E039FD78192C290E00BA0B76 /* Debug */,
				E039FD79192C290E00BA0B76 /* Release */,
			);
			defaultConfigurationIsVisible = 0;
			defaultConfigurationName = Release;
		};
/* End XCConfigurationList section */
	};
	rootObject = E039FD40192C290E00BA0B76 /* Project object */;
}
